PODS:
  - Alamofire (5.4.3)
  - Apollo (0.45.0):
    - Apollo/Core (= 0.45.0)
  - Apollo/Core (0.45.0)
  - KeychainSwift (19.0.0)
  - Kingfisher (6.3.0)
  - MarkdownView (1.7.1)
  - SwiftLint (0.43.1)
  - XCoordinator (2.0.7):
    - XCoordinator/Core (= 2.0.7)
  - XCoordinator/Core (2.0.7)
  - YouTubePlayer (0.7.2)

DEPENDENCIES:
  - Alamofire (~> 5.4)
  - Apollo
  - KeychainSwift (~> 19.0)
  - Kingfisher (~> 6.0)
  - MarkdownView
  - SwiftLint
  - XCoordinator (~> 2.0)
  - YouTubePlayer

SPEC REPOS:
  trunk:
    - Alamofire
    - Apollo
    - KeychainSwift
    - Kingfisher
    - MarkdownView
    - SwiftLint
    - XCoordinator
    - YouTubePlayer

SPEC CHECKSUMS:
  Alamofire: e447a2774a40c996748296fa2c55112fdbbc42f9
  Apollo: 241254e8b26f49dc180e3be848f0b3fc5699e6f4
  KeychainSwift: a06190cf933ad46b1e0abc3d77d29c06331715c7
  Kingfisher: 6c3df386db71d82c0817a429d2c9421a77396529
  MarkdownView: cf30a97ab39b2bce04406adce541972c882363bd
  SwiftLint: 99f82d07b837b942dd563c668de129a03fc3fb52
  XCoordinator: 9ee654fedef1ffede33d5c11677708a555c00542
  YouTubePlayer: 2b5f2830d8f9b2cde942083211291e382c9e6bd5

PODFILE CHECKSUM: 7beb420962f690039823c1e40dcedc97c42d23e7

COCOAPODS: 1.10.1
