// !$*UTF8*$!
{
	archiveVersion = 1;
	classes = {
	};
	objectVersion = 51;
	objects = {

/* Begin PBXBuildFile section */
		4FDF040D0DAE9DF466AFA550 /* Pods_intimatica.framework in Frameworks */ = {isa = PBXBuildFile; fileRef = 76CF2E7EF918F355B08923CA /* Pods_intimatica.framework */; };
		DB2F8B16269ED1A2007020C0 /* AppCoordinator.swift in Sources */ = {isa = PBXBuildFile; fileRef = DB2F8B15269ED1A2007020C0 /* AppCoordinator.swift */; };
		DB2F8B24269F38A2007020C0 /* UIRoundedButton.swift in Sources */ = {isa = PBXBuildFile; fileRef = DB2F8B23269F38A2007020C0 /* UIRoundedButton.swift */; };
		DB2F8B2B269F3CB2007020C0 /* Localizable.strings in Resources */ = {isa = PBXBuildFile; fileRef = DB2F8B2D269F3CB2007020C0 /* Localizable.strings */; };
		DB2F8B37269F4345007020C0 /* UIViewController+Utils.swift in Sources */ = {isa = PBXBuildFile; fileRef = DB2F8B36269F4345007020C0 /* UIViewController+Utils.swift */; };
		DB2F8B39269F46E0007020C0 /* LaunchScreen.storyboard in Resources */ = {isa = PBXBuildFile; fileRef = DB2F8B38269F46E0007020C0 /* LaunchScreen.storyboard */; };
		DB2F8B3C269F5EC9007020C0 /* SignUpViewController.swift in Sources */ = {isa = PBXBuildFile; fileRef = DB2F8B3B269F5EC9007020C0 /* SignUpViewController.swift */; };
		DB2F8B41269F6D0D007020C0 /* UIControl+Utils.swift in Sources */ = {isa = PBXBuildFile; fileRef = DB2F8B40269F6D0D007020C0 /* UIControl+Utils.swift */; };
		DB2F8B4526A037D0007020C0 /* AuthViewController.swift in Sources */ = {isa = PBXBuildFile; fileRef = DB2F8B4426A037D0007020C0 /* AuthViewController.swift */; };
		DB2F8B4826A219FC007020C0 /* TextFieldView.swift in Sources */ = {isa = PBXBuildFile; fileRef = DB2F8B4726A219FC007020C0 /* TextFieldView.swift */; };
		DB2F8B6C26A34DEF007020C0 /* AuthPresenter.swift in Sources */ = {isa = PBXBuildFile; fileRef = DB2F8B6B26A34DEF007020C0 /* AuthPresenter.swift */; };
		DB2F8B6E26A35644007020C0 /* SignInPresenter.swift in Sources */ = {isa = PBXBuildFile; fileRef = DB2F8B6D26A35644007020C0 /* SignInPresenter.swift */; };
		DB2F8B7326A356B2007020C0 /* SignUpPresenter.swift in Sources */ = {isa = PBXBuildFile; fileRef = DB2F8B7226A356B2007020C0 /* SignUpPresenter.swift */; };
		DB2F8B7526A35726007020C0 /* SignInViewController.swift in Sources */ = {isa = PBXBuildFile; fileRef = DB2F8B7426A35726007020C0 /* SignInViewController.swift */; };
		DB2F8B8B26A371B9007020C0 /* OFL.txt in Resources */ = {isa = PBXBuildFile; fileRef = DB2F8B7826A371B8007020C0 /* OFL.txt */; };
		DB2F8B8C26A371B9007020C0 /* Rubik-VariableFont_wght.ttf in Resources */ = {isa = PBXBuildFile; fileRef = DB2F8B7926A371B8007020C0 /* Rubik-VariableFont_wght.ttf */; };
		DB2F8B8D26A371B9007020C0 /* Rubik-Regular.ttf in Resources */ = {isa = PBXBuildFile; fileRef = DB2F8B7B26A371B8007020C0 /* Rubik-Regular.ttf */; };
		DB2F8B8E26A371B9007020C0 /* Rubik-SemiBold.ttf in Resources */ = {isa = PBXBuildFile; fileRef = DB2F8B7C26A371B8007020C0 /* Rubik-SemiBold.ttf */; };
		DB2F8B8F26A371B9007020C0 /* Rubik-SemiBoldItalic.ttf in Resources */ = {isa = PBXBuildFile; fileRef = DB2F8B7D26A371B8007020C0 /* Rubik-SemiBoldItalic.ttf */; };
		DB2F8B9026A371B9007020C0 /* Rubik-Medium.ttf in Resources */ = {isa = PBXBuildFile; fileRef = DB2F8B7E26A371B8007020C0 /* Rubik-Medium.ttf */; };
		DB2F8B9126A371B9007020C0 /* Rubik-Light.ttf in Resources */ = {isa = PBXBuildFile; fileRef = DB2F8B7F26A371B8007020C0 /* Rubik-Light.ttf */; };
		DB2F8B9226A371B9007020C0 /* Rubik-ExtraBoldItalic.ttf in Resources */ = {isa = PBXBuildFile; fileRef = DB2F8B8026A371B8007020C0 /* Rubik-ExtraBoldItalic.ttf */; };
		DB2F8B9326A371B9007020C0 /* Rubik-Black.ttf in Resources */ = {isa = PBXBuildFile; fileRef = DB2F8B8126A371B8007020C0 /* Rubik-Black.ttf */; };
		DB2F8B9426A371B9007020C0 /* Rubik-BoldItalic.ttf in Resources */ = {isa = PBXBuildFile; fileRef = DB2F8B8226A371B8007020C0 /* Rubik-BoldItalic.ttf */; };
		DB2F8B9526A371B9007020C0 /* Rubik-LightItalic.ttf in Resources */ = {isa = PBXBuildFile; fileRef = DB2F8B8326A371B8007020C0 /* Rubik-LightItalic.ttf */; };
		DB2F8B9626A371B9007020C0 /* Rubik-Italic.ttf in Resources */ = {isa = PBXBuildFile; fileRef = DB2F8B8426A371B8007020C0 /* Rubik-Italic.ttf */; };
		DB2F8B9726A371B9007020C0 /* Rubik-Bold.ttf in Resources */ = {isa = PBXBuildFile; fileRef = DB2F8B8526A371B8007020C0 /* Rubik-Bold.ttf */; };
		DB2F8B9826A371B9007020C0 /* Rubik-BlackItalic.ttf in Resources */ = {isa = PBXBuildFile; fileRef = DB2F8B8626A371B8007020C0 /* Rubik-BlackItalic.ttf */; };
		DB2F8B9926A371B9007020C0 /* Rubik-ExtraBold.ttf in Resources */ = {isa = PBXBuildFile; fileRef = DB2F8B8726A371B8007020C0 /* Rubik-ExtraBold.ttf */; };
		DB2F8B9A26A371B9007020C0 /* Rubik-MediumItalic.ttf in Resources */ = {isa = PBXBuildFile; fileRef = DB2F8B8826A371B8007020C0 /* Rubik-MediumItalic.ttf */; };
		DB2F8B9B26A371B9007020C0 /* README.txt in Resources */ = {isa = PBXBuildFile; fileRef = DB2F8B8926A371B8007020C0 /* README.txt */; };
		DB2F8B9C26A371B9007020C0 /* Rubik-Italic-VariableFont_wght.ttf in Resources */ = {isa = PBXBuildFile; fileRef = DB2F8B8A26A371B8007020C0 /* Rubik-Italic-VariableFont_wght.ttf */; };
		DB2F8B9E26A37400007020C0 /* UIFont+Utils.swift in Sources */ = {isa = PBXBuildFile; fileRef = DB2F8B9D26A37400007020C0 /* UIFont+Utils.swift */; };
		DB2F8BA426A5A421007020C0 /* AuthNetworkService.swift in Sources */ = {isa = PBXBuildFile; fileRef = DB2F8BA326A5A421007020C0 /* AuthNetworkService.swift */; };
		DB2F8BA626A5BA73007020C0 /* AuthResponse.swift in Sources */ = {isa = PBXBuildFile; fileRef = DB2F8BA526A5BA73007020C0 /* AuthResponse.swift */; };
		DB2F8BA926A5BAF9007020C0 /* SignIn.swift in Sources */ = {isa = PBXBuildFile; fileRef = DB2F8BA826A5BAF9007020C0 /* SignIn.swift */; };
		DB2F8BAD26A5C5DA007020C0 /* StrapiError.swift in Sources */ = {isa = PBXBuildFile; fileRef = DB2F8BAC26A5C5DA007020C0 /* StrapiError.swift */; };
		DB2F8BAF26A5E234007020C0 /* AppConstants.swift in Sources */ = {isa = PBXBuildFile; fileRef = DB2F8BAE26A5E234007020C0 /* AppConstants.swift */; };
		DB2F8BB126A5E2FD007020C0 /* KeychainService.swift in Sources */ = {isa = PBXBuildFile; fileRef = DB2F8BB026A5E2FD007020C0 /* KeychainService.swift */; };
		DB2F8BB326A5FDB1007020C0 /* SignUp.swift in Sources */ = {isa = PBXBuildFile; fileRef = DB2F8BB226A5FDB1007020C0 /* SignUp.swift */; };
		DB2F8BB726A72176007020C0 /* UIColor+Utils.swift in Sources */ = {isa = PBXBuildFile; fileRef = DB2F8BB626A72176007020C0 /* UIColor+Utils.swift */; };
		DB2F8BB926A84427007020C0 /* EyeButton.swift in Sources */ = {isa = PBXBuildFile; fileRef = DB2F8BB826A84427007020C0 /* EyeButton.swift */; };
		DB2F8BBB26A8B7CF007020C0 /* Utils.swift in Sources */ = {isa = PBXBuildFile; fileRef = DB2F8BBA26A8B7CF007020C0 /* Utils.swift */; };
		DB2F8BBD26A9486D007020C0 /* AgeConfirmViewController.swift in Sources */ = {isa = PBXBuildFile; fileRef = DB2F8BBC26A9486D007020C0 /* AgeConfirmViewController.swift */; };
		DB2F8BC026A9520E007020C0 /* TermsAndConditionsView.swift in Sources */ = {isa = PBXBuildFile; fileRef = DB2F8BBF26A9520E007020C0 /* TermsAndConditionsView.swift */; };
		DB2F8BC426A97421007020C0 /* UIButton+Utils.swift in Sources */ = {isa = PBXBuildFile; fileRef = DB2F8BC326A97421007020C0 /* UIButton+Utils.swift */; };
		DB2F8BC626A97CB1007020C0 /* AgeConfirmPresenter.swift in Sources */ = {isa = PBXBuildFile; fileRef = DB2F8BC526A97CB1007020C0 /* AgeConfirmPresenter.swift */; };
		DB6F3178269DA973005E7578 /* AppDelegate.swift in Sources */ = {isa = PBXBuildFile; fileRef = DB6F3177269DA973005E7578 /* AppDelegate.swift */; };
		DB6F317A269DA973005E7578 /* SceneDelegate.swift in Sources */ = {isa = PBXBuildFile; fileRef = DB6F3179269DA973005E7578 /* SceneDelegate.swift */; };
		DB6F3181269DA977005E7578 /* Assets.xcassets in Resources */ = {isa = PBXBuildFile; fileRef = DB6F3180269DA977005E7578 /* Assets.xcassets */; };
		DB8A595126AC998A00842771 /* AuthRepository.swift in Sources */ = {isa = PBXBuildFile; fileRef = DB8A595026AC998A00842771 /* AuthRepository.swift */; };
		DB8A595326AC9B4600842771 /* AuthValidatorService.swift in Sources */ = {isa = PBXBuildFile; fileRef = DB8A595226AC9B4600842771 /* AuthValidatorService.swift */; };
		DB8A595626ACA2F900842771 /* AuthUseCase.swift in Sources */ = {isa = PBXBuildFile; fileRef = DB8A595526ACA2F900842771 /* AuthUseCase.swift */; };
		DB8A595826AD553200842771 /* AuthError.swift in Sources */ = {isa = PBXBuildFile; fileRef = DB8A595726AD553200842771 /* AuthError.swift */; };
		DB8A596126AEB78900842771 /* UserCredentials.swift in Sources */ = {isa = PBXBuildFile; fileRef = DB8A596026AEB78900842771 /* UserCredentials.swift */; };
		DB8A596626AEBF7400842771 /* LaunchViewController.swift in Sources */ = {isa = PBXBuildFile; fileRef = DB8A596526AEBF7400842771 /* LaunchViewController.swift */; };
		DB8A597C26AF3A7E00842771 /* LaunchPresenter.swift in Sources */ = {isa = PBXBuildFile; fileRef = DB8A597B26AF3A7E00842771 /* LaunchPresenter.swift */; };
		DB8A598326AF4AE900842771 /* ServiceProvider.swift in Sources */ = {isa = PBXBuildFile; fileRef = DB8A598226AF4AE900842771 /* ServiceProvider.swift */; };
		DB8A598826AF6CB100842771 /* RepositoryProvider.swift in Sources */ = {isa = PBXBuildFile; fileRef = DB8A598726AF6CB100842771 /* RepositoryProvider.swift */; };
		DB8A598B26AF6FFC00842771 /* UseCaseProvider.swift in Sources */ = {isa = PBXBuildFile; fileRef = DB8A598A26AF6FFC00842771 /* UseCaseProvider.swift */; };
		DB8A598F26B01E2400842771 /* HomeTabBarController.swift in Sources */ = {isa = PBXBuildFile; fileRef = DB8A598E26B01E2400842771 /* HomeTabBarController.swift */; };
		DB8A59A026B01E3100842771 /* PostListViewController.swift in Sources */ = {isa = PBXBuildFile; fileRef = DB8A599126B01E3100842771 /* PostListViewController.swift */; };
		DB8A59A126B01E3100842771 /* TableViewCell.swift in Sources */ = {isa = PBXBuildFile; fileRef = DB8A599326B01E3100842771 /* TableViewCell.swift */; };
		DB8A59A226B01E3100842771 /* TagView.swift in Sources */ = {isa = PBXBuildFile; fileRef = DB8A599426B01E3100842771 /* TagView.swift */; };
		DB8A59A326B01E3100842771 /* ProfileViewController.swift in Sources */ = {isa = PBXBuildFile; fileRef = DB8A599626B01E3100842771 /* ProfileViewController.swift */; };
		DB8A59A626B01E3100842771 /* WelcomeViewController.swift in Sources */ = {isa = PBXBuildFile; fileRef = DB8A599C26B01E3100842771 /* WelcomeViewController.swift */; };
		DB8A59A826B01E3100842771 /* WelcomePresenter.swift in Sources */ = {isa = PBXBuildFile; fileRef = DB8A599F26B01E3100842771 /* WelcomePresenter.swift */; };
		DB8A59AB26B01E9A00842771 /* Post.swift in Sources */ = {isa = PBXBuildFile; fileRef = DB8A59AA26B01E9A00842771 /* Post.swift */; };
		DB8A59AE26B01ECB00842771 /* CourcesViewController.swift in Sources */ = {isa = PBXBuildFile; fileRef = DB8A59AD26B01ECB00842771 /* CourcesViewController.swift */; };
		DBF99D3926B069A200E04D40 /* schema.json in Resources */ = {isa = PBXBuildFile; fileRef = DBF99D3826B069A100E04D40 /* schema.json */; };
		DBF99D4026B07D2D00E04D40 /* Posts.graphql in Resources */ = {isa = PBXBuildFile; fileRef = DBF99D3F26B07D2D00E04D40 /* Posts.graphql */; };
		DBF99D4226B07D9A00E04D40 /* API.swift in Sources */ = {isa = PBXBuildFile; fileRef = DBF99D4126B07D9A00E04D40 /* API.swift */; };
		DBF99D4426B07ECB00E04D40 /* PostListPresenter.swift in Sources */ = {isa = PBXBuildFile; fileRef = DBF99D4326B07ECB00E04D40 /* PostListPresenter.swift */; };
		DBF99D4626B0833600E04D40 /* GraphqlService.swift in Sources */ = {isa = PBXBuildFile; fileRef = DBF99D4526B0833600E04D40 /* GraphqlService.swift */; };
		DBF99D4826B1439900E04D40 /* PostRepository.swift in Sources */ = {isa = PBXBuildFile; fileRef = DBF99D4726B1439900E04D40 /* PostRepository.swift */; };
		DBF99D4A26B1464700E04D40 /* PostUseCase.swift in Sources */ = {isa = PBXBuildFile; fileRef = DBF99D4926B1464700E04D40 /* PostUseCase.swift */; };
/* End PBXBuildFile section */

/* Begin PBXFileReference section */
		1B1D93AEC6467AC0D96AA317 /* Pods-intimatica.debug.xcconfig */ = {isa = PBXFileReference; includeInIndex = 1; lastKnownFileType = text.xcconfig; name = "Pods-intimatica.debug.xcconfig"; path = "Target Support Files/Pods-intimatica/Pods-intimatica.debug.xcconfig"; sourceTree = "<group>"; };
		674D71951467449ECC4A0DC3 /* Pods-intimatica.release.xcconfig */ = {isa = PBXFileReference; includeInIndex = 1; lastKnownFileType = text.xcconfig; name = "Pods-intimatica.release.xcconfig"; path = "Target Support Files/Pods-intimatica/Pods-intimatica.release.xcconfig"; sourceTree = "<group>"; };
		76CF2E7EF918F355B08923CA /* Pods_intimatica.framework */ = {isa = PBXFileReference; explicitFileType = wrapper.framework; includeInIndex = 0; path = Pods_intimatica.framework; sourceTree = BUILT_PRODUCTS_DIR; };
		DB2F8B15269ED1A2007020C0 /* AppCoordinator.swift */ = {isa = PBXFileReference; lastKnownFileType = sourcecode.swift; path = AppCoordinator.swift; sourceTree = "<group>"; };
		DB2F8B1A269EDB62007020C0 /* WelcomeViewController.swift */ = {isa = PBXFileReference; lastKnownFileType = sourcecode.swift; path = WelcomeViewController.swift; sourceTree = "<group>"; };
		DB2F8B23269F38A2007020C0 /* UIRoundedButton.swift */ = {isa = PBXFileReference; lastKnownFileType = sourcecode.swift; path = UIRoundedButton.swift; sourceTree = "<group>"; };
		DB2F8B2C269F3CB2007020C0 /* en */ = {isa = PBXFileReference; lastKnownFileType = text.plist.strings; name = en; path = en.lproj/Localizable.strings; sourceTree = "<group>"; };
		DB2F8B31269F3FEB007020C0 /* Info.plist */ = {isa = PBXFileReference; fileEncoding = 4; lastKnownFileType = text.plist.xml; path = Info.plist; sourceTree = "<group>"; };
		DB2F8B36269F4345007020C0 /* UIViewController+Utils.swift */ = {isa = PBXFileReference; lastKnownFileType = sourcecode.swift; path = "UIViewController+Utils.swift"; sourceTree = "<group>"; };
		DB2F8B38269F46E0007020C0 /* LaunchScreen.storyboard */ = {isa = PBXFileReference; fileEncoding = 4; lastKnownFileType = file.storyboard; path = LaunchScreen.storyboard; sourceTree = "<group>"; };
		DB2F8B3B269F5EC9007020C0 /* SignUpViewController.swift */ = {isa = PBXFileReference; lastKnownFileType = sourcecode.swift; path = SignUpViewController.swift; sourceTree = "<group>"; };
		DB2F8B3E269F65C9007020C0 /* WelcomePresenter.swift */ = {isa = PBXFileReference; lastKnownFileType = sourcecode.swift; path = WelcomePresenter.swift; sourceTree = "<group>"; };
		DB2F8B40269F6D0D007020C0 /* UIControl+Utils.swift */ = {isa = PBXFileReference; lastKnownFileType = sourcecode.swift; path = "UIControl+Utils.swift"; sourceTree = "<group>"; };
		DB2F8B4426A037D0007020C0 /* AuthViewController.swift */ = {isa = PBXFileReference; lastKnownFileType = sourcecode.swift; path = AuthViewController.swift; sourceTree = "<group>"; };
		DB2F8B4726A219FC007020C0 /* TextFieldView.swift */ = {isa = PBXFileReference; lastKnownFileType = sourcecode.swift; path = TextFieldView.swift; sourceTree = "<group>"; };
		DB2F8B6B26A34DEF007020C0 /* AuthPresenter.swift */ = {isa = PBXFileReference; lastKnownFileType = sourcecode.swift; path = AuthPresenter.swift; sourceTree = "<group>"; };
		DB2F8B6D26A35644007020C0 /* SignInPresenter.swift */ = {isa = PBXFileReference; lastKnownFileType = sourcecode.swift; path = SignInPresenter.swift; sourceTree = "<group>"; };
		DB2F8B7226A356B2007020C0 /* SignUpPresenter.swift */ = {isa = PBXFileReference; lastKnownFileType = sourcecode.swift; path = SignUpPresenter.swift; sourceTree = "<group>"; };
		DB2F8B7426A35726007020C0 /* SignInViewController.swift */ = {isa = PBXFileReference; lastKnownFileType = sourcecode.swift; path = SignInViewController.swift; sourceTree = "<group>"; };
		DB2F8B7826A371B8007020C0 /* OFL.txt */ = {isa = PBXFileReference; fileEncoding = 4; lastKnownFileType = text; path = OFL.txt; sourceTree = "<group>"; };
		DB2F8B7926A371B8007020C0 /* Rubik-VariableFont_wght.ttf */ = {isa = PBXFileReference; lastKnownFileType = file; path = "Rubik-VariableFont_wght.ttf"; sourceTree = "<group>"; };
		DB2F8B7B26A371B8007020C0 /* Rubik-Regular.ttf */ = {isa = PBXFileReference; lastKnownFileType = file; path = "Rubik-Regular.ttf"; sourceTree = "<group>"; };
		DB2F8B7C26A371B8007020C0 /* Rubik-SemiBold.ttf */ = {isa = PBXFileReference; lastKnownFileType = file; path = "Rubik-SemiBold.ttf"; sourceTree = "<group>"; };
		DB2F8B7D26A371B8007020C0 /* Rubik-SemiBoldItalic.ttf */ = {isa = PBXFileReference; lastKnownFileType = file; path = "Rubik-SemiBoldItalic.ttf"; sourceTree = "<group>"; };
		DB2F8B7E26A371B8007020C0 /* Rubik-Medium.ttf */ = {isa = PBXFileReference; lastKnownFileType = file; path = "Rubik-Medium.ttf"; sourceTree = "<group>"; };
		DB2F8B7F26A371B8007020C0 /* Rubik-Light.ttf */ = {isa = PBXFileReference; lastKnownFileType = file; path = "Rubik-Light.ttf"; sourceTree = "<group>"; };
		DB2F8B8026A371B8007020C0 /* Rubik-ExtraBoldItalic.ttf */ = {isa = PBXFileReference; lastKnownFileType = file; path = "Rubik-ExtraBoldItalic.ttf"; sourceTree = "<group>"; };
		DB2F8B8126A371B8007020C0 /* Rubik-Black.ttf */ = {isa = PBXFileReference; lastKnownFileType = file; path = "Rubik-Black.ttf"; sourceTree = "<group>"; };
		DB2F8B8226A371B8007020C0 /* Rubik-BoldItalic.ttf */ = {isa = PBXFileReference; lastKnownFileType = file; path = "Rubik-BoldItalic.ttf"; sourceTree = "<group>"; };
		DB2F8B8326A371B8007020C0 /* Rubik-LightItalic.ttf */ = {isa = PBXFileReference; lastKnownFileType = file; path = "Rubik-LightItalic.ttf"; sourceTree = "<group>"; };
		DB2F8B8426A371B8007020C0 /* Rubik-Italic.ttf */ = {isa = PBXFileReference; lastKnownFileType = file; path = "Rubik-Italic.ttf"; sourceTree = "<group>"; };
		DB2F8B8526A371B8007020C0 /* Rubik-Bold.ttf */ = {isa = PBXFileReference; lastKnownFileType = file; path = "Rubik-Bold.ttf"; sourceTree = "<group>"; };
		DB2F8B8626A371B8007020C0 /* Rubik-BlackItalic.ttf */ = {isa = PBXFileReference; lastKnownFileType = file; path = "Rubik-BlackItalic.ttf"; sourceTree = "<group>"; };
		DB2F8B8726A371B8007020C0 /* Rubik-ExtraBold.ttf */ = {isa = PBXFileReference; lastKnownFileType = file; path = "Rubik-ExtraBold.ttf"; sourceTree = "<group>"; };
		DB2F8B8826A371B8007020C0 /* Rubik-MediumItalic.ttf */ = {isa = PBXFileReference; lastKnownFileType = file; path = "Rubik-MediumItalic.ttf"; sourceTree = "<group>"; };
		DB2F8B8926A371B8007020C0 /* README.txt */ = {isa = PBXFileReference; fileEncoding = 4; lastKnownFileType = text; path = README.txt; sourceTree = "<group>"; };
		DB2F8B8A26A371B8007020C0 /* Rubik-Italic-VariableFont_wght.ttf */ = {isa = PBXFileReference; lastKnownFileType = file; path = "Rubik-Italic-VariableFont_wght.ttf"; sourceTree = "<group>"; };
		DB2F8B9D26A37400007020C0 /* UIFont+Utils.swift */ = {isa = PBXFileReference; lastKnownFileType = sourcecode.swift; path = "UIFont+Utils.swift"; sourceTree = "<group>"; };
		DB2F8BA326A5A421007020C0 /* AuthNetworkService.swift */ = {isa = PBXFileReference; lastKnownFileType = sourcecode.swift; path = AuthNetworkService.swift; sourceTree = "<group>"; };
		DB2F8BA526A5BA73007020C0 /* AuthResponse.swift */ = {isa = PBXFileReference; lastKnownFileType = sourcecode.swift; path = AuthResponse.swift; sourceTree = "<group>"; };
		DB2F8BA826A5BAF9007020C0 /* SignIn.swift */ = {isa = PBXFileReference; lastKnownFileType = sourcecode.swift; path = SignIn.swift; sourceTree = "<group>"; };
		DB2F8BAC26A5C5DA007020C0 /* StrapiError.swift */ = {isa = PBXFileReference; lastKnownFileType = sourcecode.swift; path = StrapiError.swift; sourceTree = "<group>"; };
		DB2F8BAE26A5E234007020C0 /* AppConstants.swift */ = {isa = PBXFileReference; lastKnownFileType = sourcecode.swift; path = AppConstants.swift; sourceTree = "<group>"; };
		DB2F8BB026A5E2FD007020C0 /* KeychainService.swift */ = {isa = PBXFileReference; lastKnownFileType = sourcecode.swift; path = KeychainService.swift; sourceTree = "<group>"; };
		DB2F8BB226A5FDB1007020C0 /* SignUp.swift */ = {isa = PBXFileReference; lastKnownFileType = sourcecode.swift; path = SignUp.swift; sourceTree = "<group>"; };
		DB2F8BB626A72176007020C0 /* UIColor+Utils.swift */ = {isa = PBXFileReference; lastKnownFileType = sourcecode.swift; path = "UIColor+Utils.swift"; sourceTree = "<group>"; };
		DB2F8BB826A84427007020C0 /* EyeButton.swift */ = {isa = PBXFileReference; lastKnownFileType = sourcecode.swift; path = EyeButton.swift; sourceTree = "<group>"; };
		DB2F8BBA26A8B7CF007020C0 /* Utils.swift */ = {isa = PBXFileReference; lastKnownFileType = sourcecode.swift; path = Utils.swift; sourceTree = "<group>"; };
		DB2F8BBC26A9486D007020C0 /* AgeConfirmViewController.swift */ = {isa = PBXFileReference; lastKnownFileType = sourcecode.swift; path = AgeConfirmViewController.swift; sourceTree = "<group>"; };
		DB2F8BBF26A9520E007020C0 /* TermsAndConditionsView.swift */ = {isa = PBXFileReference; lastKnownFileType = sourcecode.swift; path = TermsAndConditionsView.swift; sourceTree = "<group>"; };
		DB2F8BC326A97421007020C0 /* UIButton+Utils.swift */ = {isa = PBXFileReference; lastKnownFileType = sourcecode.swift; path = "UIButton+Utils.swift"; sourceTree = "<group>"; };
		DB2F8BC526A97CB1007020C0 /* AgeConfirmPresenter.swift */ = {isa = PBXFileReference; lastKnownFileType = sourcecode.swift; path = AgeConfirmPresenter.swift; sourceTree = "<group>"; };
		DB6F3174269DA973005E7578 /* intimatica.app */ = {isa = PBXFileReference; explicitFileType = wrapper.application; includeInIndex = 0; path = intimatica.app; sourceTree = BUILT_PRODUCTS_DIR; };
		DB6F3177269DA973005E7578 /* AppDelegate.swift */ = {isa = PBXFileReference; lastKnownFileType = sourcecode.swift; path = AppDelegate.swift; sourceTree = "<group>"; };
		DB6F3179269DA973005E7578 /* SceneDelegate.swift */ = {isa = PBXFileReference; lastKnownFileType = sourcecode.swift; path = SceneDelegate.swift; sourceTree = "<group>"; };
		DB6F3180269DA977005E7578 /* Assets.xcassets */ = {isa = PBXFileReference; lastKnownFileType = folder.assetcatalog; path = Assets.xcassets; sourceTree = "<group>"; };
		DB8A595026AC998A00842771 /* AuthRepository.swift */ = {isa = PBXFileReference; lastKnownFileType = sourcecode.swift; path = AuthRepository.swift; sourceTree = "<group>"; };
		DB8A595226AC9B4600842771 /* AuthValidatorService.swift */ = {isa = PBXFileReference; lastKnownFileType = sourcecode.swift; path = AuthValidatorService.swift; sourceTree = "<group>"; };
		DB8A595526ACA2F900842771 /* AuthUseCase.swift */ = {isa = PBXFileReference; lastKnownFileType = sourcecode.swift; path = AuthUseCase.swift; sourceTree = "<group>"; };
		DB8A595726AD553200842771 /* AuthError.swift */ = {isa = PBXFileReference; lastKnownFileType = sourcecode.swift; path = AuthError.swift; sourceTree = "<group>"; };
		DB8A596026AEB78900842771 /* UserCredentials.swift */ = {isa = PBXFileReference; lastKnownFileType = sourcecode.swift; path = UserCredentials.swift; sourceTree = "<group>"; };
		DB8A596526AEBF7400842771 /* LaunchViewController.swift */ = {isa = PBXFileReference; lastKnownFileType = sourcecode.swift; path = LaunchViewController.swift; sourceTree = "<group>"; };
		DB8A597B26AF3A7E00842771 /* LaunchPresenter.swift */ = {isa = PBXFileReference; lastKnownFileType = sourcecode.swift; path = LaunchPresenter.swift; sourceTree = "<group>"; };
		DB8A598226AF4AE900842771 /* ServiceProvider.swift */ = {isa = PBXFileReference; lastKnownFileType = sourcecode.swift; path = ServiceProvider.swift; sourceTree = "<group>"; };
		DB8A598726AF6CB100842771 /* RepositoryProvider.swift */ = {isa = PBXFileReference; lastKnownFileType = sourcecode.swift; path = RepositoryProvider.swift; sourceTree = "<group>"; };
		DB8A598A26AF6FFC00842771 /* UseCaseProvider.swift */ = {isa = PBXFileReference; lastKnownFileType = sourcecode.swift; path = UseCaseProvider.swift; sourceTree = "<group>"; };
		DB8A598E26B01E2400842771 /* HomeTabBarController.swift */ = {isa = PBXFileReference; fileEncoding = 4; lastKnownFileType = sourcecode.swift; path = HomeTabBarController.swift; sourceTree = "<group>"; };
		DB8A599126B01E3100842771 /* PostListViewController.swift */ = {isa = PBXFileReference; fileEncoding = 4; lastKnownFileType = sourcecode.swift; path = PostListViewController.swift; sourceTree = "<group>"; };
		DB8A599326B01E3100842771 /* TableViewCell.swift */ = {isa = PBXFileReference; fileEncoding = 4; lastKnownFileType = sourcecode.swift; path = TableViewCell.swift; sourceTree = "<group>"; };
		DB8A599426B01E3100842771 /* TagView.swift */ = {isa = PBXFileReference; fileEncoding = 4; lastKnownFileType = sourcecode.swift; path = TagView.swift; sourceTree = "<group>"; };
		DB8A599626B01E3100842771 /* ProfileViewController.swift */ = {isa = PBXFileReference; fileEncoding = 4; lastKnownFileType = sourcecode.swift; path = ProfileViewController.swift; sourceTree = "<group>"; };
		DB8A599A26B01E3100842771 /* TermsAndConditionsView.swift */ = {isa = PBXFileReference; fileEncoding = 4; lastKnownFileType = sourcecode.swift; path = TermsAndConditionsView.swift; sourceTree = "<group>"; };
		DB8A599B26B01E3100842771 /* AgeConfirmViewController.swift */ = {isa = PBXFileReference; fileEncoding = 4; lastKnownFileType = sourcecode.swift; path = AgeConfirmViewController.swift; sourceTree = "<group>"; };
		DB8A599C26B01E3100842771 /* WelcomeViewController.swift */ = {isa = PBXFileReference; fileEncoding = 4; lastKnownFileType = sourcecode.swift; path = WelcomeViewController.swift; sourceTree = "<group>"; };
		DB8A599E26B01E3100842771 /* AgeConfirmPresenter.swift */ = {isa = PBXFileReference; fileEncoding = 4; lastKnownFileType = sourcecode.swift; path = AgeConfirmPresenter.swift; sourceTree = "<group>"; };
		DB8A599F26B01E3100842771 /* WelcomePresenter.swift */ = {isa = PBXFileReference; fileEncoding = 4; lastKnownFileType = sourcecode.swift; path = WelcomePresenter.swift; sourceTree = "<group>"; };
		DB8A59AA26B01E9A00842771 /* Post.swift */ = {isa = PBXFileReference; fileEncoding = 4; lastKnownFileType = sourcecode.swift; path = Post.swift; sourceTree = "<group>"; };
		DB8A59AD26B01ECB00842771 /* CourcesViewController.swift */ = {isa = PBXFileReference; fileEncoding = 4; lastKnownFileType = sourcecode.swift; path = CourcesViewController.swift; sourceTree = "<group>"; };
		DBF99D3826B069A100E04D40 /* schema.json */ = {isa = PBXFileReference; fileEncoding = 4; lastKnownFileType = text.json; name = schema.json; path = intimatica/Core/Entities/GraphQL/schema.json; sourceTree = SOURCE_ROOT; };
		DBF99D3F26B07D2D00E04D40 /* Posts.graphql */ = {isa = PBXFileReference; lastKnownFileType = text; path = Posts.graphql; sourceTree = "<group>"; };
		DBF99D4126B07D9A00E04D40 /* API.swift */ = {isa = PBXFileReference; fileEncoding = 4; lastKnownFileType = sourcecode.swift; path = API.swift; sourceTree = "<group>"; };
		DBF99D4326B07ECB00E04D40 /* PostListPresenter.swift */ = {isa = PBXFileReference; lastKnownFileType = sourcecode.swift; path = PostListPresenter.swift; sourceTree = "<group>"; };
		DBF99D4526B0833600E04D40 /* GraphqlService.swift */ = {isa = PBXFileReference; lastKnownFileType = sourcecode.swift; path = GraphqlService.swift; sourceTree = "<group>"; };
		DBF99D4726B1439900E04D40 /* PostRepository.swift */ = {isa = PBXFileReference; lastKnownFileType = sourcecode.swift; path = PostRepository.swift; sourceTree = "<group>"; };
		DBF99D4926B1464700E04D40 /* PostUseCase.swift */ = {isa = PBXFileReference; lastKnownFileType = sourcecode.swift; path = PostUseCase.swift; sourceTree = "<group>"; };
/* End PBXFileReference section */

/* Begin PBXFrameworksBuildPhase section */
		DB6F3171269DA973005E7578 /* Frameworks */ = {
			isa = PBXFrameworksBuildPhase;
			buildActionMask = 2147483647;
			files = (
				4FDF040D0DAE9DF466AFA550 /* Pods_intimatica.framework in Frameworks */,
			);
			runOnlyForDeploymentPostprocessing = 0;
		};
/* End PBXFrameworksBuildPhase section */

/* Begin PBXGroup section */
		59CC8EB144C9F9607AAFEF33 /* Pods */ = {
			isa = PBXGroup;
			children = (
				1B1D93AEC6467AC0D96AA317 /* Pods-intimatica.debug.xcconfig */,
				674D71951467449ECC4A0DC3 /* Pods-intimatica.release.xcconfig */,
			);
			path = Pods;
			sourceTree = "<group>";
		};
		DB2F8B13269ECEF9007020C0 /* Resources */ = {
			isa = PBXGroup;
			children = (
				DB2F8B7626A37199007020C0 /* fonts */,
				DB2F8B38269F46E0007020C0 /* LaunchScreen.storyboard */,
				DB6F3180269DA977005E7578 /* Assets.xcassets */,
				DB2F8B31269F3FEB007020C0 /* Info.plist */,
				DB2F8B2D269F3CB2007020C0 /* Localizable.strings */,
			);
			path = Resources;
			sourceTree = "<group>";
		};
		DB2F8B17269EDA69007020C0 /* Application */ = {
			isa = PBXGroup;
			children = (
				DB2F8B3A269F5716007020C0 /* Extensions */,
				DB2F8B22269F3890007020C0 /* UI */,
				DB6F3177269DA973005E7578 /* AppDelegate.swift */,
				DB6F3179269DA973005E7578 /* SceneDelegate.swift */,
				DB2F8B15269ED1A2007020C0 /* AppCoordinator.swift */,
				DB2F8BAE26A5E234007020C0 /* AppConstants.swift */,
				DB2F8BBA26A8B7CF007020C0 /* Utils.swift */,
			);
			path = Application;
			sourceTree = "<group>";
		};
		DB2F8B18269EDAE7007020C0 /* Auth */ = {
			isa = PBXGroup;
			children = (
				DB2F8B3D269F6431007020C0 /* Presenter */,
				DB2F8B1C269EDC27007020C0 /* View */,
			);
			path = Auth;
			sourceTree = "<group>";
		};
		DB2F8B19269EDB21007020C0 /* Modules */ = {
			isa = PBXGroup;
			children = (
				DB8A59AC26B01ECB00842771 /* Cources */,
				DB8A599026B01E3100842771 /* PostList */,
				DB8A599526B01E3100842771 /* Profile */,
				DB8A599726B01E3100842771 /* Welcome */,
				DB8A598D26B01E2400842771 /* HomeTabBar */,
				DB8A596226AEBEBE00842771 /* Launch */,
				DB2F8B9F26A59E10007020C0 /* Welcome */,
				DB2F8B18269EDAE7007020C0 /* Auth */,
			);
			path = Modules;
			sourceTree = "<group>";
		};
		DB2F8B1C269EDC27007020C0 /* View */ = {
			isa = PBXGroup;
			children = (
				DB2F8B4626A219E6007020C0 /* Helpers */,
				DB2F8B4426A037D0007020C0 /* AuthViewController.swift */,
				DB2F8B3B269F5EC9007020C0 /* SignUpViewController.swift */,
				DB2F8B7426A35726007020C0 /* SignInViewController.swift */,
			);
			path = View;
			sourceTree = "<group>";
		};
		DB2F8B22269F3890007020C0 /* UI */ = {
			isa = PBXGroup;
			children = (
				DB2F8B23269F38A2007020C0 /* UIRoundedButton.swift */,
			);
			path = UI;
			sourceTree = "<group>";
		};
		DB2F8B3A269F5716007020C0 /* Extensions */ = {
			isa = PBXGroup;
			children = (
				DB2F8B36269F4345007020C0 /* UIViewController+Utils.swift */,
				DB2F8BB626A72176007020C0 /* UIColor+Utils.swift */,
				DB2F8B40269F6D0D007020C0 /* UIControl+Utils.swift */,
				DB2F8B9D26A37400007020C0 /* UIFont+Utils.swift */,
				DB2F8BC326A97421007020C0 /* UIButton+Utils.swift */,
			);
			path = Extensions;
			sourceTree = "<group>";
		};
		DB2F8B3D269F6431007020C0 /* Presenter */ = {
			isa = PBXGroup;
			children = (
				DB2F8B6B26A34DEF007020C0 /* AuthPresenter.swift */,
				DB2F8B6D26A35644007020C0 /* SignInPresenter.swift */,
				DB2F8B7226A356B2007020C0 /* SignUpPresenter.swift */,
			);
			path = Presenter;
			sourceTree = "<group>";
		};
		DB2F8B4626A219E6007020C0 /* Helpers */ = {
			isa = PBXGroup;
			children = (
				DB2F8B4726A219FC007020C0 /* TextFieldView.swift */,
				DB2F8BB826A84427007020C0 /* EyeButton.swift */,
			);
			path = Helpers;
			sourceTree = "<group>";
		};
		DB2F8B7626A37199007020C0 /* fonts */ = {
			isa = PBXGroup;
			children = (
				DB2F8B7726A371B8007020C0 /* Rubik */,
			);
			path = fonts;
			sourceTree = "<group>";
		};
		DB2F8B7726A371B8007020C0 /* Rubik */ = {
			isa = PBXGroup;
			children = (
				DB2F8B7826A371B8007020C0 /* OFL.txt */,
				DB2F8B7926A371B8007020C0 /* Rubik-VariableFont_wght.ttf */,
				DB2F8B7A26A371B8007020C0 /* static */,
				DB2F8B8926A371B8007020C0 /* README.txt */,
				DB2F8B8A26A371B8007020C0 /* Rubik-Italic-VariableFont_wght.ttf */,
			);
			path = Rubik;
			sourceTree = "<group>";
		};
		DB2F8B7A26A371B8007020C0 /* static */ = {
			isa = PBXGroup;
			children = (
				DB2F8B7B26A371B8007020C0 /* Rubik-Regular.ttf */,
				DB2F8B7C26A371B8007020C0 /* Rubik-SemiBold.ttf */,
				DB2F8B7D26A371B8007020C0 /* Rubik-SemiBoldItalic.ttf */,
				DB2F8B7E26A371B8007020C0 /* Rubik-Medium.ttf */,
				DB2F8B7F26A371B8007020C0 /* Rubik-Light.ttf */,
				DB2F8B8026A371B8007020C0 /* Rubik-ExtraBoldItalic.ttf */,
				DB2F8B8126A371B8007020C0 /* Rubik-Black.ttf */,
				DB2F8B8226A371B8007020C0 /* Rubik-BoldItalic.ttf */,
				DB2F8B8326A371B8007020C0 /* Rubik-LightItalic.ttf */,
				DB2F8B8426A371B8007020C0 /* Rubik-Italic.ttf */,
				DB2F8B8526A371B8007020C0 /* Rubik-Bold.ttf */,
				DB2F8B8626A371B8007020C0 /* Rubik-BlackItalic.ttf */,
				DB2F8B8726A371B8007020C0 /* Rubik-ExtraBold.ttf */,
				DB2F8B8826A371B8007020C0 /* Rubik-MediumItalic.ttf */,
			);
			path = static;
			sourceTree = "<group>";
		};
		DB2F8B9F26A59E10007020C0 /* Welcome */ = {
			isa = PBXGroup;
			children = (
				DB2F8BA026A59E24007020C0 /* Presenter */,
				DB2F8BA126A59E2A007020C0 /* View */,
			);
			path = Welcome;
			sourceTree = "<group>";
		};
		DB2F8BA026A59E24007020C0 /* Presenter */ = {
			isa = PBXGroup;
			children = (
				DB2F8B3E269F65C9007020C0 /* WelcomePresenter.swift */,
				DB2F8BC526A97CB1007020C0 /* AgeConfirmPresenter.swift */,
			);
			path = Presenter;
			sourceTree = "<group>";
		};
		DB2F8BA126A59E2A007020C0 /* View */ = {
			isa = PBXGroup;
			children = (
				DB2F8BBE26A951E4007020C0 /* Helpers */,
				DB2F8B1A269EDB62007020C0 /* WelcomeViewController.swift */,
				DB2F8BBC26A9486D007020C0 /* AgeConfirmViewController.swift */,
			);
			path = View;
			sourceTree = "<group>";
		};
		DB2F8BA226A5A40A007020C0 /* Services */ = {
			isa = PBXGroup;
			children = (
				DB8A598126AF4AD800842771 /* Provider */,
				DB2F8BA326A5A421007020C0 /* AuthNetworkService.swift */,
				DB2F8BB026A5E2FD007020C0 /* KeychainService.swift */,
				DB8A595226AC9B4600842771 /* AuthValidatorService.swift */,
				DBF99D4526B0833600E04D40 /* GraphqlService.swift */,
			);
			path = Services;
			sourceTree = "<group>";
		};
		DB2F8BA726A5BA7C007020C0 /* Entities */ = {
			isa = PBXGroup;
			children = (
				DBF99D3A26B0793B00E04D40 /* GraphQL */,
				DB8A59A926B01E9A00842771 /* Feed */,
				DB8A595926AD556300842771 /* Auth */,
			);
			path = Entities;
			sourceTree = "<group>";
		};
		DB2F8BBE26A951E4007020C0 /* Helpers */ = {
			isa = PBXGroup;
			children = (
				DB2F8BBF26A9520E007020C0 /* TermsAndConditionsView.swift */,
			);
			path = Helpers;
			sourceTree = "<group>";
		};
		DB6F316B269DA973005E7578 = {
			isa = PBXGroup;
			children = (
				DB6F3176269DA973005E7578 /* intimatica */,
				DB6F3175269DA973005E7578 /* Products */,
				59CC8EB144C9F9607AAFEF33 /* Pods */,
				DDBD76E909E5B969F8F158EB /* Frameworks */,
			);
			sourceTree = "<group>";
		};
		DB6F3175269DA973005E7578 /* Products */ = {
			isa = PBXGroup;
			children = (
				DB6F3174269DA973005E7578 /* intimatica.app */,
			);
			name = Products;
			sourceTree = "<group>";
		};
		DB6F3176269DA973005E7578 /* intimatica */ = {
			isa = PBXGroup;
			children = (
				DB8A598C26AF734900842771 /* Core */,
				DB2F8B19269EDB21007020C0 /* Modules */,
				DB2F8B17269EDA69007020C0 /* Application */,
				DB2F8B13269ECEF9007020C0 /* Resources */,
			);
			path = intimatica;
			sourceTree = "<group>";
		};
		DB8A594F26AC997200842771 /* Repository */ = {
			isa = PBXGroup;
			children = (
				DB8A598626AF6C9700842771 /* Provider */,
				DB8A595026AC998A00842771 /* AuthRepository.swift */,
				DBF99D4726B1439900E04D40 /* PostRepository.swift */,
			);
			path = Repository;
			sourceTree = "<group>";
		};
		DB8A595426ACA2ED00842771 /* UseCase */ = {
			isa = PBXGroup;
			children = (
				DB8A598926AF6FEA00842771 /* Provider */,
				DB8A595526ACA2F900842771 /* AuthUseCase.swift */,
				DBF99D4926B1464700E04D40 /* PostUseCase.swift */,
			);
			path = UseCase;
			sourceTree = "<group>";
		};
		DB8A595926AD556300842771 /* Auth */ = {
			isa = PBXGroup;
			children = (
				DB2F8BA526A5BA73007020C0 /* AuthResponse.swift */,
				DB2F8BA826A5BAF9007020C0 /* SignIn.swift */,
				DB2F8BB226A5FDB1007020C0 /* SignUp.swift */,
				DB2F8BAC26A5C5DA007020C0 /* StrapiError.swift */,
				DB8A595726AD553200842771 /* AuthError.swift */,
				DB8A596026AEB78900842771 /* UserCredentials.swift */,
			);
			path = Auth;
			sourceTree = "<group>";
		};
		DB8A596226AEBEBE00842771 /* Launch */ = {
			isa = PBXGroup;
			children = (
				DB8A596426AEBF1B00842771 /* Presenter */,
				DB8A596326AEBF1300842771 /* View */,
			);
			path = Launch;
			sourceTree = "<group>";
		};
		DB8A596326AEBF1300842771 /* View */ = {
			isa = PBXGroup;
			children = (
				DB8A596526AEBF7400842771 /* LaunchViewController.swift */,
			);
			path = View;
			sourceTree = "<group>";
		};
		DB8A596426AEBF1B00842771 /* Presenter */ = {
			isa = PBXGroup;
			children = (
				DB8A597B26AF3A7E00842771 /* LaunchPresenter.swift */,
			);
			path = Presenter;
			sourceTree = "<group>";
		};
		DB8A598126AF4AD800842771 /* Provider */ = {
			isa = PBXGroup;
			children = (
				DB8A598226AF4AE900842771 /* ServiceProvider.swift */,
			);
			path = Provider;
			sourceTree = "<group>";
		};
		DB8A598626AF6C9700842771 /* Provider */ = {
			isa = PBXGroup;
			children = (
				DB8A598726AF6CB100842771 /* RepositoryProvider.swift */,
			);
			path = Provider;
			sourceTree = "<group>";
		};
		DB8A598926AF6FEA00842771 /* Provider */ = {
			isa = PBXGroup;
			children = (
				DB8A598A26AF6FFC00842771 /* UseCaseProvider.swift */,
			);
			path = Provider;
			sourceTree = "<group>";
		};
		DB8A598C26AF734900842771 /* Core */ = {
			isa = PBXGroup;
			children = (
				DB8A595426ACA2ED00842771 /* UseCase */,
				DB8A594F26AC997200842771 /* Repository */,
				DB2F8BA226A5A40A007020C0 /* Services */,
				DB2F8BA726A5BA7C007020C0 /* Entities */,
			);
			path = Core;
			sourceTree = "<group>";
		};
		DB8A598D26B01E2400842771 /* HomeTabBar */ = {
			isa = PBXGroup;
			children = (
				DB8A598E26B01E2400842771 /* HomeTabBarController.swift */,
			);
			path = HomeTabBar;
			sourceTree = "<group>";
		};
		DB8A599026B01E3100842771 /* PostList */ = {
			isa = PBXGroup;
			children = (
				DB8A599226B01E3100842771 /* Helpers */,
				DB8A599126B01E3100842771 /* PostListViewController.swift */,
				DBF99D4326B07ECB00E04D40 /* PostListPresenter.swift */,
			);
			path = PostList;
			sourceTree = "<group>";
		};
		DB8A599226B01E3100842771 /* Helpers */ = {
			isa = PBXGroup;
			children = (
				DB8A599326B01E3100842771 /* TableViewCell.swift */,
				DB8A599426B01E3100842771 /* TagView.swift */,
			);
			path = Helpers;
			sourceTree = "<group>";
		};
		DB8A599526B01E3100842771 /* Profile */ = {
			isa = PBXGroup;
			children = (
				DB8A599626B01E3100842771 /* ProfileViewController.swift */,
			);
			path = Profile;
			sourceTree = "<group>";
		};
		DB8A599726B01E3100842771 /* Welcome */ = {
			isa = PBXGroup;
			children = (
				DB8A599826B01E3100842771 /* View */,
				DB8A599D26B01E3100842771 /* Presenter */,
			);
			path = Welcome;
			sourceTree = "<group>";
		};
		DB8A599826B01E3100842771 /* View */ = {
			isa = PBXGroup;
			children = (
				DB8A599926B01E3100842771 /* Helpers */,
				DB8A599B26B01E3100842771 /* AgeConfirmViewController.swift */,
				DB8A599C26B01E3100842771 /* WelcomeViewController.swift */,
			);
			path = View;
			sourceTree = "<group>";
		};
		DB8A599926B01E3100842771 /* Helpers */ = {
			isa = PBXGroup;
			children = (
				DB8A599A26B01E3100842771 /* TermsAndConditionsView.swift */,
			);
			path = Helpers;
			sourceTree = "<group>";
		};
		DB8A599D26B01E3100842771 /* Presenter */ = {
			isa = PBXGroup;
			children = (
				DB8A599E26B01E3100842771 /* AgeConfirmPresenter.swift */,
				DB8A599F26B01E3100842771 /* WelcomePresenter.swift */,
			);
			path = Presenter;
			sourceTree = "<group>";
		};
		DB8A59A926B01E9A00842771 /* Feed */ = {
			isa = PBXGroup;
			children = (
				DB8A59AA26B01E9A00842771 /* Post.swift */,
			);
			path = Feed;
			sourceTree = "<group>";
		};
		DB8A59AC26B01ECB00842771 /* Cources */ = {
			isa = PBXGroup;
			children = (
				DB8A59AD26B01ECB00842771 /* CourcesViewController.swift */,
			);
			path = Cources;
			sourceTree = "<group>";
		};
		DBF99D3A26B0793B00E04D40 /* GraphQL */ = {
			isa = PBXGroup;
			children = (
				DBF99D4126B07D9A00E04D40 /* API.swift */,
				DBF99D3826B069A100E04D40 /* schema.json */,
				DBF99D3F26B07D2D00E04D40 /* Posts.graphql */,
			);
			path = GraphQL;
			sourceTree = "<group>";
		};
		DDBD76E909E5B969F8F158EB /* Frameworks */ = {
			isa = PBXGroup;
			children = (
				76CF2E7EF918F355B08923CA /* Pods_intimatica.framework */,
			);
			name = Frameworks;
			sourceTree = "<group>";
		};
/* End PBXGroup section */

/* Begin PBXNativeTarget section */
		DB6F3173269DA973005E7578 /* intimatica */ = {
			isa = PBXNativeTarget;
			buildConfigurationList = DB6F3188269DA977005E7578 /* Build configuration list for PBXNativeTarget "intimatica" */;
			buildPhases = (
				ACE39E7691BC065032CDFB34 /* [CP] Check Pods Manifest.lock */,
				DBF99D3326B0678C00E04D40 /* Apollo CLI */,
				DB6F3170269DA973005E7578 /* Sources */,
				DB6F3171269DA973005E7578 /* Frameworks */,
				DB6F3172269DA973005E7578 /* Resources */,
				D6BF8FFC829410A67C7A88BC /* [CP] Embed Pods Frameworks */,
			);
			buildRules = (
			);
			dependencies = (
			);
			name = intimatica;
			productName = intimatica;
			productReference = DB6F3174269DA973005E7578 /* intimatica.app */;
			productType = "com.apple.product-type.application";
		};
/* End PBXNativeTarget section */

/* Begin PBXProject section */
		DB6F316C269DA973005E7578 /* Project object */ = {
			isa = PBXProject;
			attributes = {
				LastSwiftUpdateCheck = 1250;
				LastUpgradeCheck = 1250;
				TargetAttributes = {
					DB6F3173269DA973005E7578 = {
						CreatedOnToolsVersion = 12.5;
					};
				};
			};
			buildConfigurationList = DB6F316F269DA973005E7578 /* Build configuration list for PBXProject "intimatica" */;
			compatibilityVersion = "Xcode 9.3";
			developmentRegion = en;
			hasScannedForEncodings = 0;
			knownRegions = (
				en,
				Base,
				ru,
			);
			mainGroup = DB6F316B269DA973005E7578;
			productRefGroup = DB6F3175269DA973005E7578 /* Products */;
			projectDirPath = "";
			projectRoot = "";
			targets = (
				DB6F3173269DA973005E7578 /* intimatica */,
			);
		};
/* End PBXProject section */

/* Begin PBXResourcesBuildPhase section */
		DB6F3172269DA973005E7578 /* Resources */ = {
			isa = PBXResourcesBuildPhase;
			buildActionMask = 2147483647;
			files = (
				DBF99D3926B069A200E04D40 /* schema.json in Resources */,
				DB2F8B39269F46E0007020C0 /* LaunchScreen.storyboard in Resources */,
				DB2F8B8D26A371B9007020C0 /* Rubik-Regular.ttf in Resources */,
				DB2F8B2B269F3CB2007020C0 /* Localizable.strings in Resources */,
				DB2F8B8F26A371B9007020C0 /* Rubik-SemiBoldItalic.ttf in Resources */,
				DB2F8B8B26A371B9007020C0 /* OFL.txt in Resources */,
				DB2F8B9726A371B9007020C0 /* Rubik-Bold.ttf in Resources */,
				DB6F3181269DA977005E7578 /* Assets.xcassets in Resources */,
				DB2F8B9326A371B9007020C0 /* Rubik-Black.ttf in Resources */,
				DB2F8B9026A371B9007020C0 /* Rubik-Medium.ttf in Resources */,
				DB2F8B9126A371B9007020C0 /* Rubik-Light.ttf in Resources */,
				DB2F8B9926A371B9007020C0 /* Rubik-ExtraBold.ttf in Resources */,
				DB2F8B9526A371B9007020C0 /* Rubik-LightItalic.ttf in Resources */,
				DBF99D4026B07D2D00E04D40 /* Posts.graphql in Resources */,
				DB2F8B9A26A371B9007020C0 /* Rubik-MediumItalic.ttf in Resources */,
				DB2F8B9826A371B9007020C0 /* Rubik-BlackItalic.ttf in Resources */,
				DB2F8B9B26A371B9007020C0 /* README.txt in Resources */,
				DB2F8B8C26A371B9007020C0 /* Rubik-VariableFont_wght.ttf in Resources */,
				DB2F8B9626A371B9007020C0 /* Rubik-Italic.ttf in Resources */,
				DB2F8B9226A371B9007020C0 /* Rubik-ExtraBoldItalic.ttf in Resources */,
				DB2F8B9C26A371B9007020C0 /* Rubik-Italic-VariableFont_wght.ttf in Resources */,
				DB2F8B9426A371B9007020C0 /* Rubik-BoldItalic.ttf in Resources */,
				DB2F8B8E26A371B9007020C0 /* Rubik-SemiBold.ttf in Resources */,
			);
			runOnlyForDeploymentPostprocessing = 0;
		};
/* End PBXResourcesBuildPhase section */

/* Begin PBXShellScriptBuildPhase section */
		ACE39E7691BC065032CDFB34 /* [CP] Check Pods Manifest.lock */ = {
			isa = PBXShellScriptBuildPhase;
			buildActionMask = 2147483647;
			files = (
			);
			inputFileListPaths = (
			);
			inputPaths = (
				"${PODS_PODFILE_DIR_PATH}/Podfile.lock",
				"${PODS_ROOT}/Manifest.lock",
			);
			name = "[CP] Check Pods Manifest.lock";
			outputFileListPaths = (
			);
			outputPaths = (
				"$(DERIVED_FILE_DIR)/Pods-intimatica-checkManifestLockResult.txt",
			);
			runOnlyForDeploymentPostprocessing = 0;
			shellPath = /bin/sh;
			shellScript = "diff \"${PODS_PODFILE_DIR_PATH}/Podfile.lock\" \"${PODS_ROOT}/Manifest.lock\" > /dev/null\nif [ $? != 0 ] ; then\n    # print error to STDERR\n    echo \"error: The sandbox is not in sync with the Podfile.lock. Run 'pod install' or update your CocoaPods installation.\" >&2\n    exit 1\nfi\n# This output is used by Xcode 'outputs' to avoid re-running this script phase.\necho \"SUCCESS\" > \"${SCRIPT_OUTPUT_FILE_0}\"\n";
			showEnvVarsInLog = 0;
		};
		D6BF8FFC829410A67C7A88BC /* [CP] Embed Pods Frameworks */ = {
			isa = PBXShellScriptBuildPhase;
			buildActionMask = 2147483647;
			files = (
			);
			inputFileListPaths = (
				"${PODS_ROOT}/Target Support Files/Pods-intimatica/Pods-intimatica-frameworks-${CONFIGURATION}-input-files.xcfilelist",
			);
			name = "[CP] Embed Pods Frameworks";
			outputFileListPaths = (
				"${PODS_ROOT}/Target Support Files/Pods-intimatica/Pods-intimatica-frameworks-${CONFIGURATION}-output-files.xcfilelist",
			);
			runOnlyForDeploymentPostprocessing = 0;
			shellPath = /bin/sh;
			shellScript = "\"${PODS_ROOT}/Target Support Files/Pods-intimatica/Pods-intimatica-frameworks.sh\"\n";
			showEnvVarsInLog = 0;
		};
		DBF99D3326B0678C00E04D40 /* Apollo CLI */ = {
			isa = PBXShellScriptBuildPhase;
			buildActionMask = 2147483647;
			files = (
			);
			inputFileListPaths = (
			);
			inputPaths = (
			);
			name = "Apollo CLI";
			outputFileListPaths = (
			);
			outputPaths = (
			);
			runOnlyForDeploymentPostprocessing = 0;
			shellPath = /bin/sh;
			shellScript = "SCRIPT_PATH=\"${PODS_ROOT}/Apollo/scripts\"\ncd \"${SRCROOT}/${TARGET_NAME}\"\n\n\"${SCRIPT_PATH}\"/run-bundled-codegen.sh schema:download --endpoint=\"https://intimatica.key42.net/graphql\" Core/Entities/GraphQL/schema.json\n\n\"${SCRIPT_PATH}\"/run-bundled-codegen.sh codegen:generate --target=swift --includes=./**/*.graphql --localSchemaFile=\"Core/Entities/GraphQL/schema.json\" Core/Entities/GraphQL/API.swift\n";
		};
/* End PBXShellScriptBuildPhase section */

/* Begin PBXSourcesBuildPhase section */
		DB6F3170269DA973005E7578 /* Sources */ = {
			isa = PBXSourcesBuildPhase;
			buildActionMask = 2147483647;
			files = (
				DB2F8BB726A72176007020C0 /* UIColor+Utils.swift in Sources */,
				DB8A597C26AF3A7E00842771 /* LaunchPresenter.swift in Sources */,
				DB2F8B16269ED1A2007020C0 /* AppCoordinator.swift in Sources */,
				DB2F8BBB26A8B7CF007020C0 /* Utils.swift in Sources */,
				DB8A598326AF4AE900842771 /* ServiceProvider.swift in Sources */,
				DB2F8B41269F6D0D007020C0 /* UIControl+Utils.swift in Sources */,
				DB2F8B6E26A35644007020C0 /* SignInPresenter.swift in Sources */,
				DB2F8BC626A97CB1007020C0 /* AgeConfirmPresenter.swift in Sources */,
				DB2F8BA926A5BAF9007020C0 /* SignIn.swift in Sources */,
				DB8A596626AEBF7400842771 /* LaunchViewController.swift in Sources */,
				DB8A595326AC9B4600842771 /* AuthValidatorService.swift in Sources */,
				DB2F8B6C26A34DEF007020C0 /* AuthPresenter.swift in Sources */,
				DB2F8B24269F38A2007020C0 /* UIRoundedButton.swift in Sources */,
				DB8A598826AF6CB100842771 /* RepositoryProvider.swift in Sources */,
				DB8A595126AC998A00842771 /* AuthRepository.swift in Sources */,
				DB2F8B7526A35726007020C0 /* SignInViewController.swift in Sources */,
				DBF99D4826B1439900E04D40 /* PostRepository.swift in Sources */,
				DB2F8BB126A5E2FD007020C0 /* KeychainService.swift in Sources */,
				DB2F8BB326A5FDB1007020C0 /* SignUp.swift in Sources */,
				DB2F8B4526A037D0007020C0 /* AuthViewController.swift in Sources */,
				DBF99D4426B07ECB00E04D40 /* PostListPresenter.swift in Sources */,
				DB8A59AB26B01E9A00842771 /* Post.swift in Sources */,
				DB8A59A826B01E3100842771 /* WelcomePresenter.swift in Sources */,
				DB8A598F26B01E2400842771 /* HomeTabBarController.swift in Sources */,
				DB8A59A026B01E3100842771 /* PostListViewController.swift in Sources */,
				DB8A59A126B01E3100842771 /* TableViewCell.swift in Sources */,
				DBF99D4626B0833600E04D40 /* GraphqlService.swift in Sources */,
				DBF99D4A26B1464700E04D40 /* PostUseCase.swift in Sources */,
				DB8A595826AD553200842771 /* AuthError.swift in Sources */,
				DB2F8B4826A219FC007020C0 /* TextFieldView.swift in Sources */,
				DB2F8B9E26A37400007020C0 /* UIFont+Utils.swift in Sources */,
				DB8A596126AEB78900842771 /* UserCredentials.swift in Sources */,
				DB2F8B3C269F5EC9007020C0 /* SignUpViewController.swift in Sources */,
				DB6F3178269DA973005E7578 /* AppDelegate.swift in Sources */,
				DB2F8BC426A97421007020C0 /* UIButton+Utils.swift in Sources */,
				DB8A59A626B01E3100842771 /* WelcomeViewController.swift in Sources */,
				DB8A595626ACA2F900842771 /* AuthUseCase.swift in Sources */,
				DB2F8BBD26A9486D007020C0 /* AgeConfirmViewController.swift in Sources */,
				DB2F8BAD26A5C5DA007020C0 /* StrapiError.swift in Sources */,
				DB2F8BC026A9520E007020C0 /* TermsAndConditionsView.swift in Sources */,
				DB8A59A226B01E3100842771 /* TagView.swift in Sources */,
				DB2F8BB926A84427007020C0 /* EyeButton.swift in Sources */,
				DB2F8B37269F4345007020C0 /* UIViewController+Utils.swift in Sources */,
				DB2F8BA626A5BA73007020C0 /* AuthResponse.swift in Sources */,
				DB8A59AE26B01ECB00842771 /* CourcesViewController.swift in Sources */,
				DB2F8BAF26A5E234007020C0 /* AppConstants.swift in Sources */,
				DB8A598B26AF6FFC00842771 /* UseCaseProvider.swift in Sources */,
				DB2F8BA426A5A421007020C0 /* AuthNetworkService.swift in Sources */,
				DB8A59A326B01E3100842771 /* ProfileViewController.swift in Sources */,
				DB6F317A269DA973005E7578 /* SceneDelegate.swift in Sources */,
				DBF99D4226B07D9A00E04D40 /* API.swift in Sources */,
				DB2F8B7326A356B2007020C0 /* SignUpPresenter.swift in Sources */,
			);
			runOnlyForDeploymentPostprocessing = 0;
		};
/* End PBXSourcesBuildPhase section */

/* Begin PBXVariantGroup section */
		DB2F8B2D269F3CB2007020C0 /* Localizable.strings */ = {
			isa = PBXVariantGroup;
			children = (
				DB2F8B2C269F3CB2007020C0 /* en */,
			);
			name = Localizable.strings;
			sourceTree = "<group>";
		};
/* End PBXVariantGroup section */

/* Begin XCBuildConfiguration section */
		DB6F3186269DA977005E7578 /* Debug */ = {
			isa = XCBuildConfiguration;
			buildSettings = {
				ALWAYS_SEARCH_USER_PATHS = NO;
				CLANG_ANALYZER_LOCALIZABILITY_NONLOCALIZED = YES;
				CLANG_ANALYZER_NONNULL = YES;
				CLANG_ANALYZER_NUMBER_OBJECT_CONVERSION = YES_AGGRESSIVE;
				CLANG_CXX_LANGUAGE_STANDARD = "gnu++14";
				CLANG_CXX_LIBRARY = "libc++";
				CLANG_ENABLE_MODULES = YES;
				CLANG_ENABLE_OBJC_ARC = YES;
				CLANG_ENABLE_OBJC_WEAK = YES;
				CLANG_WARN_BLOCK_CAPTURE_AUTORELEASING = YES;
				CLANG_WARN_BOOL_CONVERSION = YES;
				CLANG_WARN_COMMA = YES;
				CLANG_WARN_CONSTANT_CONVERSION = YES;
				CLANG_WARN_DEPRECATED_OBJC_IMPLEMENTATIONS = YES;
				CLANG_WARN_DIRECT_OBJC_ISA_USAGE = YES_ERROR;
				CLANG_WARN_DOCUMENTATION_COMMENTS = YES;
				CLANG_WARN_EMPTY_BODY = YES;
				CLANG_WARN_ENUM_CONVERSION = YES;
				CLANG_WARN_INFINITE_RECURSION = YES;
				CLANG_WARN_INT_CONVERSION = YES;
				CLANG_WARN_NON_LITERAL_NULL_CONVERSION = YES;
				CLANG_WARN_OBJC_IMPLICIT_RETAIN_SELF = YES;
				CLANG_WARN_OBJC_LITERAL_CONVERSION = YES;
				CLANG_WARN_OBJC_ROOT_CLASS = YES_ERROR;
				CLANG_WARN_QUOTED_INCLUDE_IN_FRAMEWORK_HEADER = YES;
				CLANG_WARN_RANGE_LOOP_ANALYSIS = YES;
				CLANG_WARN_STRICT_PROTOTYPES = YES;
				CLANG_WARN_SUSPICIOUS_MOVE = YES;
				CLANG_WARN_UNGUARDED_AVAILABILITY = YES_AGGRESSIVE;
				CLANG_WARN_UNREACHABLE_CODE = YES;
				CLANG_WARN__DUPLICATE_METHOD_MATCH = YES;
				COPY_PHASE_STRIP = NO;
				DEBUG_INFORMATION_FORMAT = dwarf;
				ENABLE_STRICT_OBJC_MSGSEND = YES;
				ENABLE_TESTABILITY = YES;
				GCC_C_LANGUAGE_STANDARD = gnu11;
				GCC_DYNAMIC_NO_PIC = NO;
				GCC_NO_COMMON_BLOCKS = YES;
				GCC_OPTIMIZATION_LEVEL = 0;
				GCC_PREPROCESSOR_DEFINITIONS = (
					"DEBUG=1",
					"$(inherited)",
				);
				GCC_WARN_64_TO_32_BIT_CONVERSION = YES;
				GCC_WARN_ABOUT_RETURN_TYPE = YES_ERROR;
				GCC_WARN_UNDECLARED_SELECTOR = YES;
				GCC_WARN_UNINITIALIZED_AUTOS = YES_AGGRESSIVE;
				GCC_WARN_UNUSED_FUNCTION = YES;
				GCC_WARN_UNUSED_VARIABLE = YES;
				IPHONEOS_DEPLOYMENT_TARGET = 14.5;
				MTL_ENABLE_DEBUG_INFO = INCLUDE_SOURCE;
				MTL_FAST_MATH = YES;
				ONLY_ACTIVE_ARCH = YES;
				SDKROOT = iphoneos;
				SWIFT_ACTIVE_COMPILATION_CONDITIONS = DEBUG;
				SWIFT_OPTIMIZATION_LEVEL = "-Onone";
			};
			name = Debug;
		};
		DB6F3187269DA977005E7578 /* Release */ = {
			isa = XCBuildConfiguration;
			buildSettings = {
				ALWAYS_SEARCH_USER_PATHS = NO;
				CLANG_ANALYZER_LOCALIZABILITY_NONLOCALIZED = YES;
				CLANG_ANALYZER_NONNULL = YES;
				CLANG_ANALYZER_NUMBER_OBJECT_CONVERSION = YES_AGGRESSIVE;
				CLANG_CXX_LANGUAGE_STANDARD = "gnu++14";
				CLANG_CXX_LIBRARY = "libc++";
				CLANG_ENABLE_MODULES = YES;
				CLANG_ENABLE_OBJC_ARC = YES;
				CLANG_ENABLE_OBJC_WEAK = YES;
				CLANG_WARN_BLOCK_CAPTURE_AUTORELEASING = YES;
				CLANG_WARN_BOOL_CONVERSION = YES;
				CLANG_WARN_COMMA = YES;
				CLANG_WARN_CONSTANT_CONVERSION = YES;
				CLANG_WARN_DEPRECATED_OBJC_IMPLEMENTATIONS = YES;
				CLANG_WARN_DIRECT_OBJC_ISA_USAGE = YES_ERROR;
				CLANG_WARN_DOCUMENTATION_COMMENTS = YES;
				CLANG_WARN_EMPTY_BODY = YES;
				CLANG_WARN_ENUM_CONVERSION = YES;
				CLANG_WARN_INFINITE_RECURSION = YES;
				CLANG_WARN_INT_CONVERSION = YES;
				CLANG_WARN_NON_LITERAL_NULL_CONVERSION = YES;
				CLANG_WARN_OBJC_IMPLICIT_RETAIN_SELF = YES;
				CLANG_WARN_OBJC_LITERAL_CONVERSION = YES;
				CLANG_WARN_OBJC_ROOT_CLASS = YES_ERROR;
				CLANG_WARN_QUOTED_INCLUDE_IN_FRAMEWORK_HEADER = YES;
				CLANG_WARN_RANGE_LOOP_ANALYSIS = YES;
				CLANG_WARN_STRICT_PROTOTYPES = YES;
				CLANG_WARN_SUSPICIOUS_MOVE = YES;
				CLANG_WARN_UNGUARDED_AVAILABILITY = YES_AGGRESSIVE;
				CLANG_WARN_UNREACHABLE_CODE = YES;
				CLANG_WARN__DUPLICATE_METHOD_MATCH = YES;
				COPY_PHASE_STRIP = NO;
				DEBUG_INFORMATION_FORMAT = "dwarf-with-dsym";
				ENABLE_NS_ASSERTIONS = NO;
				ENABLE_STRICT_OBJC_MSGSEND = YES;
				GCC_C_LANGUAGE_STANDARD = gnu11;
				GCC_NO_COMMON_BLOCKS = YES;
				GCC_WARN_64_TO_32_BIT_CONVERSION = YES;
				GCC_WARN_ABOUT_RETURN_TYPE = YES_ERROR;
				GCC_WARN_UNDECLARED_SELECTOR = YES;
				GCC_WARN_UNINITIALIZED_AUTOS = YES_AGGRESSIVE;
				GCC_WARN_UNUSED_FUNCTION = YES;
				GCC_WARN_UNUSED_VARIABLE = YES;
				IPHONEOS_DEPLOYMENT_TARGET = 14.5;
				MTL_ENABLE_DEBUG_INFO = NO;
				MTL_FAST_MATH = YES;
				SDKROOT = iphoneos;
				SWIFT_COMPILATION_MODE = wholemodule;
				SWIFT_OPTIMIZATION_LEVEL = "-O";
				VALIDATE_PRODUCT = YES;
			};
			name = Release;
		};
		DB6F3189269DA977005E7578 /* Debug */ = {
			isa = XCBuildConfiguration;
			baseConfigurationReference = 1B1D93AEC6467AC0D96AA317 /* Pods-intimatica.debug.xcconfig */;
			buildSettings = {
				ASSETCATALOG_COMPILER_APPICON_NAME = AppIcon;
				ASSETCATALOG_COMPILER_GLOBAL_ACCENT_COLOR_NAME = AccentColor;
				CODE_SIGN_STYLE = Automatic;
				DEVELOPMENT_TEAM = 4C5MKFGUVA;
				INFOPLIST_FILE = intimatica/Resources/Info.plist;
				LD_RUNPATH_SEARCH_PATHS = (
					"$(inherited)",
					"@executable_path/Frameworks",
				);
				PRODUCT_BUNDLE_IDENTIFIER = net.key42.intimatica;
				PRODUCT_NAME = "$(TARGET_NAME)";
				SWIFT_VERSION = 5.0;
				TARGETED_DEVICE_FAMILY = "1,2";
			};
			name = Debug;
		};
		DB6F318A269DA977005E7578 /* Release */ = {
			isa = XCBuildConfiguration;
			baseConfigurationReference = 674D71951467449ECC4A0DC3 /* Pods-intimatica.release.xcconfig */;
			buildSettings = {
				ASSETCATALOG_COMPILER_APPICON_NAME = AppIcon;
				ASSETCATALOG_COMPILER_GLOBAL_ACCENT_COLOR_NAME = AccentColor;
				CODE_SIGN_STYLE = Automatic;
				DEVELOPMENT_TEAM = 4C5MKFGUVA;
				INFOPLIST_FILE = intimatica/Resources/Info.plist;
				LD_RUNPATH_SEARCH_PATHS = (
					"$(inherited)",
					"@executable_path/Frameworks",
				);
				PRODUCT_BUNDLE_IDENTIFIER = net.key42.intimatica;
				PRODUCT_NAME = "$(TARGET_NAME)";
				SWIFT_VERSION = 5.0;
				TARGETED_DEVICE_FAMILY = "1,2";
			};
			name = Release;
		};
/* End XCBuildConfiguration section */

/* Begin XCConfigurationList section */
		DB6F316F269DA973005E7578 /* Build configuration list for PBXProject "intimatica" */ = {
			isa = XCConfigurationList;
			buildConfigurations = (
				DB6F3186269DA977005E7578 /* Debug */,
				DB6F3187269DA977005E7578 /* Release */,
			);
			defaultConfigurationIsVisible = 0;
			defaultConfigurationName = Release;
		};
		DB6F3188269DA977005E7578 /* Build configuration list for PBXNativeTarget "intimatica" */ = {
			isa = XCConfigurationList;
			buildConfigurations = (
				DB6F3189269DA977005E7578 /* Debug */,
				DB6F318A269DA977005E7578 /* Release */,
			);
			defaultConfigurationIsVisible = 0;
			defaultConfigurationName = Release;
		};
/* End XCConfigurationList section */
	};
	rootObject = DB6F316C269DA973005E7578 /* Project object */;
}
